
Microsoft Visual Studio Solution File, Format Version 12.00
# Visual Studio Version 17
VisualStudioVersion = 17.4.33122.133
MinimumVisualStudioVersion = 10.0.40219.1
Project("{FAE04EC0-301F-11D3-BF4B-00C04F79EFBC}") = "ImageProcessing", "ImageProcessing\ImageProcessing.csproj", "{219E701D-A328-4D54-8B28-27320006F82D}"
EndProject
Project("{FAE04EC0-301F-11D3-BF4B-00C04F79EFBC}") = "ImageProcessor.Test", "ImageProcessor.Test\ImageProcessor.Test.csproj", "{D21582AC-0656-4467-885E-8E6C2DF4E016}"
EndProject
Global
	GlobalSection(SolutionConfigurationPlatforms) = preSolution
		Debug|Any CPU = Debug|Any CPU
		Release|Any CPU = Release|Any CPU
	EndGlobalSection
	GlobalSection(ProjectConfigurationPlatforms) = postSolution
		{219E701D-A328-4D54-8B28-27320006F82D}.Debug|Any CPU.ActiveCfg = Debug|Any CPU
		{219E701D-A328-4D54-8B28-27320006F82D}.Debug|Any CPU.Build.0 = Debug|Any CPU
		{219E701D-A328-4D54-8B28-27320006F82D}.Release|Any CPU.ActiveCfg = Release|Any CPU
		{219E701D-A328-4D54-8B28-27320006F82D}.Release|Any CPU.Build.0 = Release|Any CPU
		{D21582AC-0656-4467-885E-8E6C2DF4E016}.Debug|Any CPU.ActiveCfg = Debug|Any CPU
		{D21582AC-0656-4467-885E-8E6C2DF4E016}.Debug|Any CPU.Build.0 = Debug|Any CPU
		{D21582AC-0656-4467-885E-8E6C2DF4E016}.Release|Any CPU.ActiveCfg = Release|Any CPU
		{D21582AC-0656-4467-885E-8E6C2DF4E016}.Release|Any CPU.Build.0 = Release|Any CPU
	EndGlobalSection
	GlobalSection(SolutionProperties) = preSolution
		HideSolutionNode = FALSE
	EndGlobalSection
	GlobalSection(ExtensibilityGlobals) = postSolution
		SolutionGuid = {E612E907-C896-4D18-9E1A-A37E2A2A599A}
	EndGlobalSection
EndGlobal
